<?xml version="1.0" encoding="utf-8"?>
<Project ToolsVersion="4.0" xmlns="http://schemas.microsoft.com/developer/msbuild/2003">
  <ItemGroup>
    <Filter Include="소스 파일">
      <UniqueIdentifier>{4FC737F1-C7A5-4376-A066-2A32D752A2FF}</UniqueIdentifier>
      <Extensions>cpp;c;cc;cxx;c++;cppm;ixx;def;odl;idl;hpj;bat;asm;asmx</Extensions>
    </Filter>
    <Filter Include="헤더 파일">
      <UniqueIdentifier>{93995380-89BD-4b04-88EB-625FBE52EBFB}</UniqueIdentifier>
      <Extensions>h;hh;hpp;hxx;h++;hm;inl;inc;ipp;xsd</Extensions>
    </Filter>
    <Filter Include="리소스 파일">
      <UniqueIdentifier>{67DA6AB6-F800-4c08-8B7A-83BB121AAD01}</UniqueIdentifier>
      <Extensions>rc;ico;cur;bmp;dlg;rc2;rct;bin;rgs;gif;jpg;jpeg;jpe;resx;tiff;tif;png;wav;mfcribbon-ms</Extensions>
    </Filter>
  </ItemGroup>
  <ItemGroup>
    <ClCompile Include="dllmain.cpp">
      <Filter>소스 파일</Filter>
    </ClCompile>
    <ClCompile Include="Private\ModuleEntry\SSRendererFactory.cpp">
      <Filter>소스 파일</Filter>
    </ClCompile>
    <ClCompile Include="Private\RenderAsset\RenderAssetType\MeshAsset.cpp">
      <Filter>소스 파일</Filter>
    </ClCompile>
    <ClCompile Include="Private\RenderAsset\RenderAssetType\ModelAsset.cpp">
      <Filter>소스 파일</Filter>
    </ClCompile>
    <ClCompile Include="Private\RenderAsset\RenderAssetType\ModelCombinationAsset.cpp">
      <Filter>소스 파일</Filter>
    </ClCompile>
    <ClCompile Include="Private\RenderAsset\AssetManagerBase.cpp">
      <Filter>소스 파일</Filter>
    </ClCompile>
    <ClCompile Include="Private\RenderBase\RenderWorld.cpp">
      <Filter>소스 파일</Filter>
    </ClCompile>
    <ClCompile Include="Private\RenderBase\SSRenderer.cpp">
      <Filter>소스 파일</Filter>
    </ClCompile>
    <ClCompile Include="Private\RenderInstance\RIStaticMesh.cpp">
      <Filter>소스 파일</Filter>
    </ClCompile>
    <ClCompile Include="Private\RenderAsset\RenderAssetType\TextureAsset.cpp">
      <Filter>소스 파일</Filter>
    </ClCompile>
    <ClCompile Include="Private\RenderAsset\RenderAssetType\MaterialAsset.cpp">
      <Filter>소스 파일</Filter>
    </ClCompile>
    <ClCompile Include="Private\RenderAsset\CommonRenderAssetSet.cpp">
      <Filter>소스 파일</Filter>
    </ClCompile>
    <ClCompile Include="Private\RenderInstance\RenderLightDirectional.cpp">
      <Filter>소스 파일</Filter>
    </ClCompile>
    <ClCompile Include="Private\RenderInstance\RenderCamera.cpp">
      <Filter>소스 파일</Filter>
    </ClCompile>
    <ClCompile Include="Private\RenderInstance\RISkinnedMesh.cpp">
      <Filter>소스 파일</Filter>
    </ClCompile>
    <ClCompile Include="Private\RendererUtil\RawDataFactory.cpp">
      <Filter>소스 파일</Filter>
    </ClCompile>
    <ClCompile Include="Private\RenderInstance\RICubeMap.cpp">
      <Filter>소스 파일</Filter>
    </ClCompile>
    <ClCompile Include="Private\RenderAsset\RenderAssetType\RenderAnimAsset.cpp">
      <Filter>소스 파일</Filter>
    </ClCompile>
    <ClCompile Include="Private\RenderAsset\RenderAssetType\RenderKeyFrameAnimData\KFRenderAnimUtilFunctions.cpp">
      <Filter>소스 파일</Filter>
    </ClCompile>
    <ClCompile Include="Public\RenderAssetSerializer\RenderAssetSerializeFunctions.cpp">
      <Filter>소스 파일</Filter>
    </ClCompile>
  </ItemGroup>
  <ItemGroup>
    <ClInclude Include="Public\ModuleEntry\SSRendererFactory.h">
      <Filter>헤더 파일</Filter>
    </ClInclude>
    <ClInclude Include="Public\RenderAsset\Mutable\RenderAssetType\IMeshAssetMutable.h">
      <Filter>헤더 파일</Filter>
    </ClInclude>
    <ClInclude Include="Public\RenderAsset\Mutable\RenderAssetType\IModelAssetMutable.h">
      <Filter>헤더 파일</Filter>
    </ClInclude>
    <ClInclude Include="Public\RenderAsset\Mutable\RenderAssetType\IModelCombinationAssetMutable.h">
      <Filter>헤더 파일</Filter>
    </ClInclude>
    <ClInclude Include="Public\RenderAsset\Mutable\IAssetManagerMutable.h">
      <Filter>헤더 파일</Filter>
    </ClInclude>
    <ClInclude Include="Public\RenderAsset\RenderAssetType\MeshData\MeshDataDefault.h">
      <Filter>헤더 파일</Filter>
    </ClInclude>
    <ClInclude Include="Public\RenderAsset\RenderAssetType\MeshData\MeshRawDataBase.h">
      <Filter>헤더 파일</Filter>
    </ClInclude>
    <ClInclude Include="Public\RenderAsset\RenderAssetType\RenderAssetCommon\CommonDataType.h">
      <Filter>헤더 파일</Filter>
    </ClInclude>
    <ClInclude Include="Public\RenderAsset\RenderAssetType\IAssetBase.h">
      <Filter>헤더 파일</Filter>
    </ClInclude>
    <ClInclude Include="Public\RenderAsset\RenderAssetType\IMaterialAsset.h">
      <Filter>헤더 파일</Filter>
    </ClInclude>
    <ClInclude Include="Public\RenderAsset\RenderAssetType\IMeshAsset.h">
      <Filter>헤더 파일</Filter>
    </ClInclude>
    <ClInclude Include="Public\RenderAsset\RenderAssetType\IModelAsset.h">
      <Filter>헤더 파일</Filter>
    </ClInclude>
    <ClInclude Include="Public\RenderAsset\RenderAssetType\IModelCombinationAsset.h">
      <Filter>헤더 파일</Filter>
    </ClInclude>
    <ClInclude Include="Public\RenderAsset\IAssetManager.h">
      <Filter>헤더 파일</Filter>
    </ClInclude>
    <ClInclude Include="Public\RenderBase\IRenderer.h">
      <Filter>헤더 파일</Filter>
    </ClInclude>
    <ClInclude Include="Public\RenderBase\IRenderWorld.h">
      <Filter>헤더 파일</Filter>
    </ClInclude>
    <ClInclude Include="Public\RenderCommon\SSRendererInlineSettings.h">
      <Filter>헤더 파일</Filter>
    </ClInclude>
    <ClInclude Include="Public\RenderCommon\SSVertexType.h">
      <Filter>헤더 파일</Filter>
    </ClInclude>
    <ClInclude Include="Public\RenderInstance\IRenderCamera.h">
      <Filter>헤더 파일</Filter>
    </ClInclude>
    <ClInclude Include="Public\RenderInstance\IRenderInstance.h">
      <Filter>헤더 파일</Filter>
    </ClInclude>
    <ClInclude Include="Public\RenderInstance\IRIMesh.h">
      <Filter>헤더 파일</Filter>
    </ClInclude>
    <ClInclude Include="Public\SSRendererGlobalVariableSet.h">
      <Filter>헤더 파일</Filter>
    </ClInclude>
    <ClInclude Include="Private\RenderAsset\RenderAssetType\MeshAsset.h">
      <Filter>헤더 파일</Filter>
    </ClInclude>
    <ClInclude Include="Private\RenderAsset\RenderAssetType\ModelAsset.h">
      <Filter>헤더 파일</Filter>
    </ClInclude>
    <ClInclude Include="Private\RenderAsset\RenderAssetType\ModelCombinationAsset.h">
      <Filter>헤더 파일</Filter>
    </ClInclude>
    <ClInclude Include="Private\RenderAsset\AssetManagerBase.h">
      <Filter>헤더 파일</Filter>
    </ClInclude>
    <ClInclude Include="Private\RenderBase\RenderWorld.h">
      <Filter>헤더 파일</Filter>
    </ClInclude>
    <ClInclude Include="Private\RenderBase\SSRenderer.h">
      <Filter>헤더 파일</Filter>
    </ClInclude>
    <ClInclude Include="Private\RenderInstance\RIStaticMesh.h">
      <Filter>헤더 파일</Filter>
    </ClInclude>
    <ClInclude Include="BuildSettings.h">
      <Filter>헤더 파일</Filter>
    </ClInclude>
    <ClInclude Include="ModuleExportKeyword.h">
      <Filter>헤더 파일</Filter>
    </ClInclude>
    <ClInclude Include="Public\RenderAsset\RenderAssetType\ITextureAsset.h">
      <Filter>헤더 파일</Filter>
    </ClInclude>
    <ClInclude Include="Public\RenderAsset\Mutable\RenderAssetType\ITextureAssetMutable.h">
      <Filter>헤더 파일</Filter>
    </ClInclude>
    <ClInclude Include="Private\RenderAsset\RenderAssetType\TextureAsset.h">
      <Filter>헤더 파일</Filter>
    </ClInclude>
    <ClInclude Include="Public\RenderAsset\RenderAssetType\MtlData\MtlDataBase.h">
      <Filter>헤더 파일</Filter>
    </ClInclude>
    <ClInclude Include="Public\RenderAsset\RenderAssetType\MtlData\MtlDataDefaultPBR.h">
      <Filter>헤더 파일</Filter>
    </ClInclude>
    <ClInclude Include="Public\RenderAsset\Mutable\RenderAssetType\IMaterialAssetMutable.h">
      <Filter>헤더 파일</Filter>
    </ClInclude>
    <ClInclude Include="Private\RenderAsset\RenderAssetType\MaterialAsset.h">
      <Filter>헤더 파일</Filter>
    </ClInclude>
    <ClInclude Include="Private\RenderAsset\CommonRenderAssetSet.h">
      <Filter>헤더 파일</Filter>
    </ClInclude>
    <ClInclude Include="Public\RenderBase\ICommonRenderAssetSet.h">
      <Filter>헤더 파일</Filter>
    </ClInclude>
    <ClInclude Include="Public\RenderInstance\Light\IRenderLight.h">
      <Filter>헤더 파일</Filter>
    </ClInclude>
    <ClInclude Include="Private\RenderInstance\RenderLightDirectional.h">
      <Filter>헤더 파일</Filter>
    </ClInclude>
    <ClInclude Include="Private\RenderInstance\RenderCamera.h">
      <Filter>헤더 파일</Filter>
    </ClInclude>
    <ClInclude Include="Public\RenderInstance\Light\IRenderLightDirectional.h">
      <Filter>헤더 파일</Filter>
    </ClInclude>
    <ClInclude Include="Public\RenderInstance\Descriptors\LightDesc.h">
      <Filter>헤더 파일</Filter>
    </ClInclude>
    <ClInclude Include="Public\RenderAsset\RenderAssetType\MeshData\MeshRawDataSkinned.h">
      <Filter>헤더 파일</Filter>
    </ClInclude>
    <ClInclude Include="Private\RenderInstance\RISkinnedMesh.h">
      <Filter>헤더 파일</Filter>
    </ClInclude>
    <ClInclude Include="Public\RenderInstance\IRISkinnedMesh.h">
      <Filter>헤더 파일</Filter>
    </ClInclude>
    <ClInclude Include="Private\RendererUtil\RawDataFactory.h">
      <Filter>헤더 파일</Filter>
    </ClInclude>
    <ClInclude Include="Public\RenderInstance\IRICubeMap.h">
      <Filter>헤더 파일</Filter>
    </ClInclude>
    <ClInclude Include="Private\RenderInstance\RICubeMap.h">
      <Filter>헤더 파일</Filter>
    </ClInclude>
    <ClInclude Include="Public\RenderAsset\RenderAssetType\IRenderAnimAsset.h">
      <Filter>헤더 파일</Filter>
    </ClInclude>
    <ClInclude Include="Public\RenderAsset\RenderAssetType\RenderKeyFrameAnimData\RenderAnimData.h">
      <Filter>헤더 파일</Filter>
    </ClInclude>
    <ClInclude Include="Public\RenderAsset\RenderAssetType\RenderKeyFrameAnimData\RenderKeyFrameTrackItemTypes\RKFTrackItemTransform.h">
      <Filter>헤더 파일</Filter>
    </ClInclude>
    <ClInclude Include="Public\RenderAsset\RenderAssetType\RenderKeyFrameAnimData\RenderKeyFrameTrackItemTypes\ERKFTrackItemType.h">
      <Filter>헤더 파일</Filter>
    </ClInclude>
    <ClInclude Include="Public\RenderAsset\RenderAssetType\RenderKeyFrameAnimData\RenderKeyFrameTrackItemTypes\RKFTrackItemBase.h">
      <Filter>헤더 파일</Filter>
    </ClInclude>
    <ClInclude Include="Public\RenderAsset\Mutable\RenderAssetType\IRenderAnimAssetMutable.h">
      <Filter>헤더 파일</Filter>
    </ClInclude>
    <ClInclude Include="Private\RenderAsset\RenderAssetType\RenderAnimAsset.h">
      <Filter>헤더 파일</Filter>
    </ClInclude>
    <ClInclude Include="Public\RenderAsset\RenderAssetType\RenderKeyFrameAnimData\KFRenderAnimUtilFunctions.h">
      <Filter>헤더 파일</Filter>
    </ClInclude>
    <ClInclude Include="Public\DEBUG\DebugDrawDesc.h">
      <Filter>헤더 파일</Filter>
    </ClInclude>
    <ClInclude Include="Public\RenderAsset\RenderAssetType\RAFileOutline\MeshRawDataHeaders.h">
      <Filter>헤더 파일</Filter>
    </ClInclude>
    <ClInclude Include="Public\RenderAssetSerializer\RenderAssetSerializeFunctions.h">
      <Filter>헤더 파일</Filter>
    </ClInclude>
  </ItemGroup>
</Project>