<?xml version="1.0" encoding="utf-8"?>
<Project ToolsVersion="4.0" xmlns="http://schemas.microsoft.com/developer/msbuild/2003">
  <ItemGroup>
    <Filter Include="소스 파일">
      <UniqueIdentifier>{4FC737F1-C7A5-4376-A066-2A32D752A2FF}</UniqueIdentifier>
      <Extensions>cpp;c;cc;cxx;c++;cppm;ixx;def;odl;idl;hpj;bat;asm;asmx</Extensions>
    </Filter>
    <Filter Include="헤더 파일">
      <UniqueIdentifier>{93995380-89BD-4b04-88EB-625FBE52EBFB}</UniqueIdentifier>
      <Extensions>h;hh;hpp;hxx;h++;hm;inl;inc;ipp;xsd</Extensions>
    </Filter>
    <Filter Include="리소스 파일">
      <UniqueIdentifier>{67DA6AB6-F800-4c08-8B7A-83BB121AAD01}</UniqueIdentifier>
      <Extensions>rc;ico;cur;bmp;dlg;rc2;rct;bin;rgs;gif;jpg;jpeg;jpe;resx;tiff;tif;png;wav;mfcribbon-ms</Extensions>
    </Filter>
  </ItemGroup>
  <ItemGroup>
    <ClInclude Include="ModuleExportKeyword.h">
      <Filter>헤더 파일</Filter>
    </ClInclude>
    <ClInclude Include="Public\GlobalVariableSet\SObjectGlobalVariableSet.h">
      <Filter>헤더 파일</Filter>
    </ClInclude>
    <ClInclude Include="Public\ModuleEntry\SObjectFactory.h">
      <Filter>헤더 파일</Filter>
    </ClInclude>
    <ClInclude Include="Public\ModuleEntry\SObjectModuleEntry.h">
      <Filter>헤더 파일</Filter>
    </ClInclude>
    <ClInclude Include="Public\SObjectBase.h">
      <Filter>헤더 파일</Filter>
    </ClInclude>
    <ClInclude Include="Public\SObjectGlobalHashMap.h">
      <Filter>헤더 파일</Filter>
    </ClInclude>
    <ClInclude Include="Public\SObjHashCode.h">
      <Filter>헤더 파일</Filter>
    </ClInclude>
    <ClInclude Include="SObjectBuildSettings.h">
      <Filter>헤더 파일</Filter>
    </ClInclude>
  </ItemGroup>
  <ItemGroup>
    <ClCompile Include="dllmain.cpp">
      <Filter>소스 파일</Filter>
    </ClCompile>
    <ClCompile Include="Private\ModuleEntryImpl\SObjectFactory.cpp">
      <Filter>소스 파일</Filter>
    </ClCompile>
    <ClCompile Include="Private\ModuleEntryImpl\SObjectModuleEntry.cpp">
      <Filter>소스 파일</Filter>
    </ClCompile>
    <ClCompile Include="Private\SObjectGlobalHashMap.cpp">
      <Filter>소스 파일</Filter>
    </ClCompile>
    <ClCompile Include="Private\SObjHashCode.cpp">
      <Filter>소스 파일</Filter>
    </ClCompile>
  </ItemGroup>
</Project>