<?xml version="1.0" encoding="utf-8"?>
<Project ToolsVersion="4.0" xmlns="http://schemas.microsoft.com/developer/msbuild/2003">
  <ItemGroup>
    <Filter Include="소스 파일">
      <UniqueIdentifier>{4FC737F1-C7A5-4376-A066-2A32D752A2FF}</UniqueIdentifier>
      <Extensions>cpp;c;cc;cxx;c++;cppm;ixx;def;odl;idl;hpj;bat;asm;asmx</Extensions>
    </Filter>
    <Filter Include="헤더 파일">
      <UniqueIdentifier>{93995380-89BD-4b04-88EB-625FBE52EBFB}</UniqueIdentifier>
      <Extensions>h;hh;hpp;hxx;h++;hm;inl;inc;ipp;xsd</Extensions>
    </Filter>
    <Filter Include="리소스 파일">
      <UniqueIdentifier>{67DA6AB6-F800-4c08-8B7A-83BB121AAD01}</UniqueIdentifier>
      <Extensions>rc;ico;cur;bmp;dlg;rc2;rct;bin;rgs;gif;jpg;jpeg;jpe;resx;tiff;tif;png;wav;mfcribbon-ms</Extensions>
    </Filter>
  </ItemGroup>
  <ItemGroup>
    <ClCompile Include="dllmain.cpp">
      <Filter>소스 파일</Filter>
    </ClCompile>
    <ClCompile Include="Private\DX12\DX12CommonUtils\DX12ConstantBufferResourceAllocator.cpp">
      <Filter>소스 파일</Filter>
    </ClCompile>
    <ClCompile Include="Private\DX12\DX12CommonUtils\DX12DescriptorHeapCustomAllocator.cpp">
      <Filter>소스 파일</Filter>
    </ClCompile>
    <ClCompile Include="Private\DX12\GALRenderAsset\GALMaterialAssets\DX12GALDefaultPBRMaterialAsset.cpp">
      <Filter>소스 파일</Filter>
    </ClCompile>
    <ClCompile Include="Private\DX12\GALRenderAsset\DX12GALMeshAssetWrapper.cpp">
      <Filter>소스 파일</Filter>
    </ClCompile>
    <ClCompile Include="Private\DX12\GALRenderDevice\DX12GALRenderDevice.cpp">
      <Filter>소스 파일</Filter>
    </ClCompile>
    <ClCompile Include="Private\DX12\GALRenderDevice\DX12GALRenderDeviceContext.cpp">
      <Filter>소스 파일</Filter>
    </ClCompile>
    <ClCompile Include="Private\DX12\GALRenderInstance\DX12GALRIMetadata_SM.cpp">
      <Filter>소스 파일</Filter>
    </ClCompile>
    <ClCompile Include="Private\DX12\GALRenderTarget\DX12GALDefaultRenderTarget.cpp">
      <Filter>소스 파일</Filter>
    </ClCompile>
    <ClCompile Include="Private\DX12\GALRenderTarget\DX12GALSwapChainRenderTarget.cpp">
      <Filter>소스 파일</Filter>
    </ClCompile>
    <ClCompile Include="Private\DX12\GALResourceUpdater\DX12GALResourceUpdater.cpp">
      <Filter>소스 파일</Filter>
    </ClCompile>
    <ClCompile Include="Private\DX12\GALWrapper\DX12GALShaderPool.cpp">
      <Filter>소스 파일</Filter>
    </ClCompile>
    <ClCompile Include="Private\DX12\GALWrapper\DX12GALShaderWrapper.cpp">
      <Filter>소스 파일</Filter>
    </ClCompile>
    <ClCompile Include="Private\DX12\GALWrapper\DX12PSOPool.cpp">
      <Filter>소스 파일</Filter>
    </ClCompile>
    <ClCompile Include="Private\DX12\GALWrapper\DX12PSOWrapper.cpp">
      <Filter>소스 파일</Filter>
    </ClCompile>
    <ClCompile Include="Private\DX12\GALWrapper\DX12RootSignaturePool.cpp">
      <Filter>소스 파일</Filter>
    </ClCompile>
    <ClCompile Include="Private\DX12\GALWrapper\DX12RootSignatureWrapper.cpp">
      <Filter>소스 파일</Filter>
    </ClCompile>
    <ClCompile Include="Private\DX12\ModuleEntry\GALInstanceFactory.cpp">
      <Filter>소스 파일</Filter>
    </ClCompile>
    <ClCompile Include="Private\PCommon\GALRenderDevice\PCommonGALRenderDevice.cpp">
      <Filter>소스 파일</Filter>
    </ClCompile>
    <ClCompile Include="Private\PCommon\GALResourceUpdater\GALResourceUpdater.cpp">
      <Filter>소스 파일</Filter>
    </ClCompile>
    <ClCompile Include="Private\PCommon\GALWrapper\GALPCommonShaderPool.cpp">
      <Filter>소스 파일</Filter>
    </ClCompile>
    <ClCompile Include="Private\PCommon\GALWrapper\PSOPool.cpp">
      <Filter>소스 파일</Filter>
    </ClCompile>
    <ClCompile Include="Private\PCommon\GALWrapper\PSOWrapper.cpp">
      <Filter>소스 파일</Filter>
    </ClCompile>
    <ClCompile Include="Private\PCommon\GALWrapper\RootSignatureWrapper.cpp">
      <Filter>소스 파일</Filter>
    </ClCompile>
    <ClCompile Include="pch.cpp">
      <Filter>소스 파일</Filter>
    </ClCompile>
    <ClCompile Include="Private\DX12\GALRenderTarget\DX12GALCPUReadableTexture.cpp">
      <Filter>소스 파일</Filter>
    </ClCompile>
    <ClCompile Include="Private\DX12\Utils\SSDX12Utils.cpp">
      <Filter>소스 파일</Filter>
    </ClCompile>
    <ClCompile Include="Private\DX12\DX12CommonUtils\DDSTextureLoader12\DDSTextureLoader12.cpp">
      <Filter>소스 파일</Filter>
    </ClCompile>
    <ClCompile Include="Private\DX12\GALRenderAsset\DX12GALTextureAssetWrapper.cpp">
      <Filter>소스 파일</Filter>
    </ClCompile>
    <ClCompile Include="Private\PCommon\GALPrivateGlobals.cpp">
      <Filter>소스 파일</Filter>
    </ClCompile>
    <ClCompile Include="Private\DX12\GALRenderTarget\DX12GALDSVRenderTarget.cpp">
      <Filter>소스 파일</Filter>
    </ClCompile>
    <ClCompile Include="Private\DX12\GALRenderInstance\DX12GALRWMetaData.cpp">
      <Filter>소스 파일</Filter>
    </ClCompile>
    <ClCompile Include="Private\DX12\ModuleEntry\ExtractD3DDeviceInfo.cpp">
      <Filter>소스 파일</Filter>
    </ClCompile>
    <ClCompile Include="Private\DX12\GALRenderInstance\DX12GALRIDirectionalLightShadowMapMetadata.cpp">
      <Filter>소스 파일</Filter>
    </ClCompile>
    <ClCompile Include="Private\DX12\GALRenderTarget\DX12GALUAVRenderTarget.cpp">
      <Filter>소스 파일</Filter>
    </ClCompile>
    <ClCompile Include="Private\DX12\GALPostProcessContext\DX12GALPPCDeferredShading.cpp">
      <Filter>소스 파일</Filter>
    </ClCompile>
    <ClCompile Include="Private\DX12\GALRenderInstance\DX12GALRIMetadata_SKM.cpp">
      <Filter>소스 파일</Filter>
    </ClCompile>
    <ClCompile Include="Private\DX12\GALRenderAsset\DX12GALSkinnedMeshAssetWrapper.cpp">
      <Filter>소스 파일</Filter>
    </ClCompile>
    <ClCompile Include="Private\DX12\GALRenderInstance\DX12GALRICubeMap.cpp">
      <Filter>소스 파일</Filter>
    </ClCompile>
    <ClCompile Include="Private\DX12\TestCodes\GALTestCodesDX12.cpp">
      <Filter>소스 파일</Filter>
    </ClCompile>
    <ClCompile Include="Private\DX12\DX12CommonUtils\DX12TransientConstantBufferAllocator.cpp">
      <Filter>소스 파일</Filter>
    </ClCompile>
  </ItemGroup>
  <ItemGroup>
    <ClInclude Include="Public\GALConstantBufferAccessorTypes\CBAModelBuffer.h">
      <Filter>헤더 파일</Filter>
    </ClInclude>
    <ClInclude Include="Public\GALConstantBufferAccessorTypes\CBARenderEnvParam.h">
      <Filter>헤더 파일</Filter>
    </ClInclude>
    <ClInclude Include="Public\GALRenderAsset\GALMaterialAssetWrapperBase.h">
      <Filter>헤더 파일</Filter>
    </ClInclude>
    <ClInclude Include="Public\GALRenderAsset\GALMeshAssetWrapperBase.h">
      <Filter>헤더 파일</Filter>
    </ClInclude>
    <ClInclude Include="Public\GALRenderDevice\GALRenderDevice.h">
      <Filter>헤더 파일</Filter>
    </ClInclude>
    <ClInclude Include="Public\GALRenderDevice\GALRenderDeviceContext.h">
      <Filter>헤더 파일</Filter>
    </ClInclude>
    <ClInclude Include="Public\GALRenderInstance\GALRIMetadata.h">
      <Filter>헤더 파일</Filter>
    </ClInclude>
    <ClInclude Include="Public\GALRenderTarget\GALCPUReadableTexture.h">
      <Filter>헤더 파일</Filter>
    </ClInclude>
    <ClInclude Include="Public\GALRenderTarget\GALRenderTarget.h">
      <Filter>헤더 파일</Filter>
    </ClInclude>
    <ClInclude Include="Public\GALRenderTarget\GALRTCommonEnums.h">
      <Filter>헤더 파일</Filter>
    </ClInclude>
    <ClInclude Include="Public\GALWrapper\GALShaderPool.h">
      <Filter>헤더 파일</Filter>
    </ClInclude>
    <ClInclude Include="Public\GALWrapper\GALShaderWrapper.h">
      <Filter>헤더 파일</Filter>
    </ClInclude>
    <ClInclude Include="Public\ModuleEntry\GALInstanceFactory.h">
      <Filter>헤더 파일</Filter>
    </ClInclude>
    <ClInclude Include="Public\SSGALCommonEnums.h">
      <Filter>헤더 파일</Filter>
    </ClInclude>
    <ClInclude Include="Public\SSGALInlineSettings.h">
      <Filter>헤더 파일</Filter>
    </ClInclude>
    <ClInclude Include="Private\DX12\DX12CommonUtils\DX12ConstantBufferResourceAllocator.h">
      <Filter>헤더 파일</Filter>
    </ClInclude>
    <ClInclude Include="Private\DX12\DX12CommonUtils\DX12ConstantBufferResourcePage.h">
      <Filter>헤더 파일</Filter>
    </ClInclude>
    <ClInclude Include="Private\DX12\DX12CommonUtils\DX12DescriptorHeapCustomAllocator.h">
      <Filter>헤더 파일</Filter>
    </ClInclude>
    <ClInclude Include="Private\DX12\GALRenderAsset\GALMaterialAssets\DX12GALDefaultPBRMaterialAsset.h">
      <Filter>헤더 파일</Filter>
    </ClInclude>
    <ClInclude Include="Private\DX12\GALRenderAsset\DX12GALMeshAssetWrapper.h">
      <Filter>헤더 파일</Filter>
    </ClInclude>
    <ClInclude Include="Private\DX12\GALRenderDevice\DX12GALRenderDevice.h">
      <Filter>헤더 파일</Filter>
    </ClInclude>
    <ClInclude Include="Private\DX12\GALRenderDevice\DX12GALRenderDeviceContext.h">
      <Filter>헤더 파일</Filter>
    </ClInclude>
    <ClInclude Include="Private\DX12\GALRenderInstance\DX12GALRIMetadata_SM.h">
      <Filter>헤더 파일</Filter>
    </ClInclude>
    <ClInclude Include="Private\DX12\GALRenderTarget\DX12GALDefaultRenderTarget.h">
      <Filter>헤더 파일</Filter>
    </ClInclude>
    <ClInclude Include="Private\DX12\GALRenderTarget\DX12GALRenderTargetBase.h">
      <Filter>헤더 파일</Filter>
    </ClInclude>
    <ClInclude Include="Private\DX12\GALRenderTarget\DX12GALSwapChainRenderTarget.h">
      <Filter>헤더 파일</Filter>
    </ClInclude>
    <ClInclude Include="Private\DX12\GALResourceUpdater\DX12GALResourceUpdater.h">
      <Filter>헤더 파일</Filter>
    </ClInclude>
    <ClInclude Include="Private\DX12\GALWrapper\DX12GALShaderPool.h">
      <Filter>헤더 파일</Filter>
    </ClInclude>
    <ClInclude Include="Private\DX12\GALWrapper\DX12GALShaderWrapper.h">
      <Filter>헤더 파일</Filter>
    </ClInclude>
    <ClInclude Include="Private\DX12\GALWrapper\DX12PSOPool.h">
      <Filter>헤더 파일</Filter>
    </ClInclude>
    <ClInclude Include="Private\DX12\GALWrapper\DX12PSOWrapper.h">
      <Filter>헤더 파일</Filter>
    </ClInclude>
    <ClInclude Include="Private\DX12\GALWrapper\DX12RootSignaturePool.h">
      <Filter>헤더 파일</Filter>
    </ClInclude>
    <ClInclude Include="Private\DX12\GALWrapper\DX12RootSignatureWrapper.h">
      <Filter>헤더 파일</Filter>
    </ClInclude>
    <ClInclude Include="Private\DX12\Utils\SSDX12Utils.h">
      <Filter>헤더 파일</Filter>
    </ClInclude>
    <ClInclude Include="Private\PCommon\GALRenderDevice\PCommonGALRenderDevice.h">
      <Filter>헤더 파일</Filter>
    </ClInclude>
    <ClInclude Include="Private\PCommon\GALResourceUpdater\GALResourceUpdater.h">
      <Filter>헤더 파일</Filter>
    </ClInclude>
    <ClInclude Include="Private\PCommon\GALWrapper\GALPCommonShaderPool.h">
      <Filter>헤더 파일</Filter>
    </ClInclude>
    <ClInclude Include="Private\PCommon\GALWrapper\PSOPool.h">
      <Filter>헤더 파일</Filter>
    </ClInclude>
    <ClInclude Include="Private\PCommon\GALWrapper\PSOWrapper.h">
      <Filter>헤더 파일</Filter>
    </ClInclude>
    <ClInclude Include="Private\PCommon\GALWrapper\RootSignaturePool.h">
      <Filter>헤더 파일</Filter>
    </ClInclude>
    <ClInclude Include="Private\PCommon\GALWrapper\RootSignatureWrapper.h">
      <Filter>헤더 파일</Filter>
    </ClInclude>
    <ClInclude Include="BuildSettings.h">
      <Filter>헤더 파일</Filter>
    </ClInclude>
    <ClInclude Include="ModuleExportKeyword.h">
      <Filter>헤더 파일</Filter>
    </ClInclude>
    <ClInclude Include="pch.h">
      <Filter>헤더 파일</Filter>
    </ClInclude>
    <ClInclude Include="Private\DX12\GALRenderTarget\DX12GALCPUReadableTexture.h">
      <Filter>헤더 파일</Filter>
    </ClInclude>
    <ClInclude Include="Private\DX12\DX12CommonUtils\DDSTextureLoader12\DDSTextureLoader12.h">
      <Filter>헤더 파일</Filter>
    </ClInclude>
    <ClInclude Include="Public\GALRenderAsset\GALTextureAssetWrapperBase.h">
      <Filter>헤더 파일</Filter>
    </ClInclude>
    <ClInclude Include="Private\DX12\GALRenderAsset\DX12GALTextureAssetWrapper.h">
      <Filter>헤더 파일</Filter>
    </ClInclude>
    <ClInclude Include="Public\GALConstantBufferAccessorTypes\CBADefaultPbrMtlParam.h">
      <Filter>헤더 파일</Filter>
    </ClInclude>
    <ClInclude Include="Private\PCommon\GALPrivateGlobals.h">
      <Filter>헤더 파일</Filter>
    </ClInclude>
    <ClInclude Include="Private\DX12\GALRenderTarget\DX12GALDSVRenderTarget.h">
      <Filter>헤더 파일</Filter>
    </ClInclude>
    <ClInclude Include="Public\GALRenderInstance\GALRWMetaData.h">
      <Filter>헤더 파일</Filter>
    </ClInclude>
    <ClInclude Include="Private\DX12\GALRenderInstance\DX12GALRWMetaData.h">
      <Filter>헤더 파일</Filter>
    </ClInclude>
    <ClInclude Include="Public\ModuleEntry\ExtractD3DDeviceInfo.h">
      <Filter>헤더 파일</Filter>
    </ClInclude>
    <ClInclude Include="Public\GALRenderInstance\Light\GALRIShadowMapMetadata.h">
      <Filter>헤더 파일</Filter>
    </ClInclude>
    <ClInclude Include="Private\DX12\GALRenderInstance\DX12GALRIDirectionalLightShadowMapMetadata.h">
      <Filter>헤더 파일</Filter>
    </ClInclude>
    <ClInclude Include="Public\GALConstantBufferAccessorTypes\CBARenderLightParam.h">
      <Filter>헤더 파일</Filter>
    </ClInclude>
    <ClInclude Include="Private\DX12\GALRenderTarget\DX12GALUAVRenderTarget.h">
      <Filter>헤더 파일</Filter>
    </ClInclude>
    <ClInclude Include="Public\GALWrapper\PipelineDesc.h">
      <Filter>헤더 파일</Filter>
    </ClInclude>
    <ClInclude Include="Private\DX12\GALPostProcessContext\DX12GALPPCDeferredShading.h">
      <Filter>헤더 파일</Filter>
    </ClInclude>
    <ClInclude Include="Public\GALPostProcessContext\GALPostProcessContextBase.h">
      <Filter>헤더 파일</Filter>
    </ClInclude>
    <ClInclude Include="Public\GALPostProcessContext\GALPPCDeferredShading.h">
      <Filter>헤더 파일</Filter>
    </ClInclude>
    <ClInclude Include="Private\DX12\GALRenderInstance\DX12GALRIMetadata_SKM.h">
      <Filter>헤더 파일</Filter>
    </ClInclude>
    <ClInclude Include="Public\GALStructuredBufferAccessorTypes\SBASkinningJointMatrix.h">
      <Filter>헤더 파일</Filter>
    </ClInclude>
    <ClInclude Include="Private\DX12\GALRenderAsset\DX12GALSkinnedMeshAssetWrapper.h">
      <Filter>헤더 파일</Filter>
    </ClInclude>
    <ClInclude Include="Private\DX12\GALRenderInstance\DX12GALRICubeMap.h">
      <Filter>헤더 파일</Filter>
    </ClInclude>
    <ClInclude Include="Private\PCommon\TestCodes\GALTestCodes.h">
      <Filter>헤더 파일</Filter>
    </ClInclude>
    <ClInclude Include="Private\DX12\DX12CommonUtils\DX12TransientConstantBufferAllocator.h">
      <Filter>헤더 파일</Filter>
    </ClInclude>
  </ItemGroup>
  <ItemGroup>
    <None Include="packages.config" />
  </ItemGroup>
</Project>