<?xml version="1.0" encoding="utf-8"?>
<Project ToolsVersion="4.0" xmlns="http://schemas.microsoft.com/developer/msbuild/2003">
  <ItemGroup>
    <Filter Include="소스 파일">
      <UniqueIdentifier>{4FC737F1-C7A5-4376-A066-2A32D752A2FF}</UniqueIdentifier>
      <Extensions>cpp;c;cc;cxx;c++;cppm;ixx;def;odl;idl;hpj;bat;asm;asmx</Extensions>
    </Filter>
    <Filter Include="헤더 파일">
      <UniqueIdentifier>{93995380-89BD-4b04-88EB-625FBE52EBFB}</UniqueIdentifier>
      <Extensions>h;hh;hpp;hxx;h++;hm;inl;inc;ipp;xsd</Extensions>
    </Filter>
    <Filter Include="리소스 파일">
      <UniqueIdentifier>{67DA6AB6-F800-4c08-8B7A-83BB121AAD01}</UniqueIdentifier>
      <Extensions>rc;ico;cur;bmp;dlg;rc2;rct;bin;rgs;gif;jpg;jpeg;jpe;resx;tiff;tif;png;wav;mfcribbon-ms</Extensions>
    </Filter>
  </ItemGroup>
  <ItemGroup>
    <ClCompile Include="dllmain.cpp">
      <Filter>소스 파일</Filter>
    </ClCompile>
    <ClCompile Include="Private\ContentBase\SComponentBase.cpp">
      <Filter>소스 파일</Filter>
    </ClCompile>
    <ClCompile Include="Private\ContentBase\SGameObject.cpp">
      <Filter>소스 파일</Filter>
    </ClCompile>
    <ClCompile Include="Private\ContentBase\SGameObjectConstructor.cpp">
      <Filter>소스 파일</Filter>
    </ClCompile>
    <ClCompile Include="Private\ContentBase\SWorld.cpp">
      <Filter>소스 파일</Filter>
    </ClCompile>
    <ClCompile Include="Private\SRenderContent\Camera\SCameraComponent.cpp">
      <Filter>소스 파일</Filter>
    </ClCompile>
    <ClCompile Include="Private\SRenderContent\RenderComponent\SRenderComponentBase.cpp">
      <Filter>소스 파일</Filter>
    </ClCompile>
    <ClCompile Include="Private\SRenderContent\RenderComponent\SStaticMeshRenderComponent.cpp">
      <Filter>소스 파일</Filter>
    </ClCompile>
    <ClCompile Include="Private\SRenderContent\SRendererUtil.cpp">
      <Filter>소스 파일</Filter>
    </ClCompile>
    <ClCompile Include="Private\ModuleEntry\SSContentsBaseModuleEntry.cpp">
      <Filter>소스 파일</Filter>
    </ClCompile>
    <ClCompile Include="Private\SRenderContent\RenderComponent\SRenderLightDirectionalComponent.cpp">
      <Filter>소스 파일</Filter>
    </ClCompile>
    <ClCompile Include="Private\SRenderContent\RenderComponent\SSkinnedMeshRenderComponent.cpp">
      <Filter>소스 파일</Filter>
    </ClCompile>
    <ClCompile Include="Private\SRenderContent\RenderComponent\SCubeMapRenderComponent.cpp">
      <Filter>소스 파일</Filter>
    </ClCompile>
    <ClCompile Include="Private\SRenderContent\RenderComponent\SRenderLightComponent.cpp">
      <Filter>소스 파일</Filter>
    </ClCompile>
    <ClCompile Include="Private\AnimComponents\SSimpleAnimatorTestComponent.cpp">
      <Filter>소스 파일</Filter>
    </ClCompile>
    <ClCompile Include="Private\AnimComponents\SAnimatorBaseComponent.cpp">
      <Filter>소스 파일</Filter>
    </ClCompile>
    <ClCompile Include="Private\AnimWorker\AnimWorkerBase.cpp">
      <Filter>소스 파일</Filter>
    </ClCompile>
  </ItemGroup>
  <ItemGroup>
    <ClInclude Include="Public\ContentBase\SComponentBase.h">
      <Filter>헤더 파일</Filter>
    </ClInclude>
    <ClInclude Include="Public\ContentBase\SGameObject.h">
      <Filter>헤더 파일</Filter>
    </ClInclude>
    <ClInclude Include="Public\ContentBase\SGameObjectConstructor.h">
      <Filter>헤더 파일</Filter>
    </ClInclude>
    <ClInclude Include="Public\ContentBase\SWorld.h">
      <Filter>헤더 파일</Filter>
    </ClInclude>
    <ClInclude Include="Public\SRenderContent\Camera\SCameraComponent.h">
      <Filter>헤더 파일</Filter>
    </ClInclude>
    <ClInclude Include="Public\SRenderContent\RenderComponent\SRenderComponentBase.h">
      <Filter>헤더 파일</Filter>
    </ClInclude>
    <ClInclude Include="Public\SRenderContent\RenderComponent\SStaticMeshRenderComponent.h">
      <Filter>헤더 파일</Filter>
    </ClInclude>
    <ClInclude Include="Public\SRenderContent\SRendererUtil.h">
      <Filter>헤더 파일</Filter>
    </ClInclude>
    <ClInclude Include="BuildSettings.h">
      <Filter>헤더 파일</Filter>
    </ClInclude>
    <ClInclude Include="ModuleExportKeyword.h">
      <Filter>헤더 파일</Filter>
    </ClInclude>
    <ClInclude Include="Public\ModuleEntry\SSContentsBaseModuleEntry.h">
      <Filter>헤더 파일</Filter>
    </ClInclude>
    <ClInclude Include="Public\SRenderContent\RenderComponent\SRenderLightDirectionalComponent.h">
      <Filter>헤더 파일</Filter>
    </ClInclude>
    <ClInclude Include="Public\SRenderContent\RenderComponent\SSkinnedMeshRenderComponent.h">
      <Filter>헤더 파일</Filter>
    </ClInclude>
    <ClInclude Include="Public\SRenderContent\RenderComponent\SCubeMapRenderComponent.h">
      <Filter>헤더 파일</Filter>
    </ClInclude>
    <ClInclude Include="Public\SRenderContent\RenderComponent\SRenderLightComponent.h">
      <Filter>헤더 파일</Filter>
    </ClInclude>
    <ClInclude Include="Public\AnimComponents\SSimpleAnimatorTestComponent.h">
      <Filter>헤더 파일</Filter>
    </ClInclude>
    <ClInclude Include="Public\AnimComponents\SAnimatorBaseComponent.h">
      <Filter>헤더 파일</Filter>
    </ClInclude>
    <ClInclude Include="Public\AnimWorker\IAnimWorker.h">
      <Filter>헤더 파일</Filter>
    </ClInclude>
    <ClInclude Include="Private\AnimWorker\AnimWorkerBase.h">
      <Filter>헤더 파일</Filter>
    </ClInclude>
  </ItemGroup>
</Project>